// !$*UTF8*$!
{
	archiveVersion = 1;
	classes = {
	};
	objectVersion = 50;
	objects = {

/* Begin PBXBuildFile section */
		6209D25120FC4E7D00D81C65 /* RCTJMRTCModule.m in Sources */ = {isa = PBXBuildFile; fileRef = 6209D25020FC4E7D00D81C65 /* RCTJMRTCModule.m */; };
		6209D25220FC4E7D00D81C65 /* RCTJMRTCModule.h in CopyFiles */ = {isa = PBXBuildFile; fileRef = 6209D24F20FC4E7D00D81C65 /* RCTJMRTCModule.h */; };
		6209D25920FC5D5A00D81C65 /* JMRTC.framework in Frameworks */ = {isa = PBXBuildFile; fileRef = 6209D25820FC5D5A00D81C65 /* JMRTC.framework */; };
		6209D2DD20FC669A00D81C65 /* RTCJMRTCView.m in Sources */ = {isa = PBXBuildFile; fileRef = 6209D2DC20FC669A00D81C65 /* RTCJMRTCView.m */; };
		6209D32620FD73A500D81C65 /* RTCJMRTCViewManager.m in Sources */ = {isa = PBXBuildFile; fileRef = 6209D32520FD73A500D81C65 /* RTCJMRTCViewManager.m */; };
		62810F3920FDE6A5006F58D2 /* libcrypto.a in Frameworks */ = {isa = PBXBuildFile; fileRef = 62810F3620FDE6A4006F58D2 /* libcrypto.a */; };
		62810F3A20FDE6A5006F58D2 /* AgoraRtcCryptoLoader.framework in Frameworks */ = {isa = PBXBuildFile; fileRef = 62810F3720FDE6A5006F58D2 /* AgoraRtcCryptoLoader.framework */; };
		62810F3B20FDE6A5006F58D2 /* AgoraRtcEngineKit.framework in Frameworks */ = {isa = PBXBuildFile; fileRef = 62810F3820FDE6A5006F58D2 /* AgoraRtcEngineKit.framework */; };
/* End PBXBuildFile section */

/* Begin PBXCopyFilesBuildPhase section */
		6209D24A20FC4E7D00D81C65 /* CopyFiles */ = {
			isa = PBXCopyFilesBuildPhase;
			buildActionMask = 2147483647;
			dstPath = "include/$(PRODUCT_NAME)";
			dstSubfolderSpec = 16;
			files = (
				6209D25220FC4E7D00D81C65 /* RCTJMRTCModule.h in CopyFiles */,
			);
			runOnlyForDeploymentPostprocessing = 0;
		};
/* End PBXCopyFilesBuildPhase section */

/* Begin PBXFileReference section */
		6209D24C20FC4E7D00D81C65 /* libRCTJMRTCModule.a */ = {isa = PBXFileReference; explicitFileType = archive.ar; includeInIndex = 0; path = libRCTJMRTCModule.a; sourceTree = BUILT_PRODUCTS_DIR; };
		6209D24F20FC4E7D00D81C65 /* RCTJMRTCModule.h */ = {isa = PBXFileReference; lastKnownFileType = sourcecode.c.h; path = RCTJMRTCModule.h; sourceTree = "<group>"; };
		6209D25020FC4E7D00D81C65 /* RCTJMRTCModule.m */ = {isa = PBXFileReference; lastKnownFileType = sourcecode.c.objc; path = RCTJMRTCModule.m; sourceTree = "<group>"; };
		6209D25820FC5D5A00D81C65 /* JMRTC.framework */ = {isa = PBXFileReference; lastKnownFileType = wrapper.framework; path = JMRTC.framework; sourceTree = "<group>"; };
		6209D2DB20FC669A00D81C65 /* RTCJMRTCView.h */ = {isa = PBXFileReference; lastKnownFileType = sourcecode.c.h; path = RTCJMRTCView.h; sourceTree = "<group>"; };
		6209D2DC20FC669A00D81C65 /* RTCJMRTCView.m */ = {isa = PBXFileReference; lastKnownFileType = sourcecode.c.objc; path = RTCJMRTCView.m; sourceTree = "<group>"; };
		6209D32520FD73A500D81C65 /* RTCJMRTCViewManager.m */ = {isa = PBXFileReference; lastKnownFileType = sourcecode.c.objc; path = RTCJMRTCViewManager.m; sourceTree = "<group>"; };
		62810F3620FDE6A4006F58D2 /* libcrypto.a */ = {isa = PBXFileReference; lastKnownFileType = archive.ar; path = libcrypto.a; sourceTree = "<group>"; };
		62810F3720FDE6A5006F58D2 /* AgoraRtcCryptoLoader.framework */ = {isa = PBXFileReference; lastKnownFileType = wrapper.framework; path = AgoraRtcCryptoLoader.framework; sourceTree = "<group>"; };
		62810F3820FDE6A5006F58D2 /* AgoraRtcEngineKit.framework */ = {isa = PBXFileReference; lastKnownFileType = wrapper.framework; path = AgoraRtcEngineKit.framework; sourceTree = "<group>"; };
/* End PBXFileReference section */

/* Begin PBXFrameworksBuildPhase section */
		6209D24920FC4E7D00D81C65 /* Frameworks */ = {
			isa = PBXFrameworksBuildPhase;
			buildActionMask = 2147483647;
			files = (
				62810F3B20FDE6A5006F58D2 /* AgoraRtcEngineKit.framework in Frameworks */,
				62810F3A20FDE6A5006F58D2 /* AgoraRtcCryptoLoader.framework in Frameworks */,
				62810F3920FDE6A5006F58D2 /* libcrypto.a in Frameworks */,
				6209D25920FC5D5A00D81C65 /* JMRTC.framework in Frameworks */,
			);
			runOnlyForDeploymentPostprocessing = 0;
		};
/* End PBXFrameworksBuildPhase section */

/* Begin PBXGroup section */
		6209D24320FC4E7D00D81C65 = {
			isa = PBXGroup;
			children = (
				6209D24E20FC4E7D00D81C65 /* RCTJMRTCModule */,
				6209D24D20FC4E7D00D81C65 /* Products */,
			);
			sourceTree = "<group>";
		};
		6209D24D20FC4E7D00D81C65 /* Products */ = {
			isa = PBXGroup;
			children = (
				6209D24C20FC4E7D00D81C65 /* libRCTJMRTCModule.a */,
			);
			name = Products;
			sourceTree = "<group>";
		};
		6209D24E20FC4E7D00D81C65 /* RCTJMRTCModule */ = {
			isa = PBXGroup;
			children = (
				62810F3720FDE6A5006F58D2 /* AgoraRtcCryptoLoader.framework */,
				62810F3820FDE6A5006F58D2 /* AgoraRtcEngineKit.framework */,
				62810F3620FDE6A4006F58D2 /* libcrypto.a */,
				6209D25820FC5D5A00D81C65 /* JMRTC.framework */,
				6209D24F20FC4E7D00D81C65 /* RCTJMRTCModule.h */,
				6209D25020FC4E7D00D81C65 /* RCTJMRTCModule.m */,
				6209D2DB20FC669A00D81C65 /* RTCJMRTCView.h */,
				6209D2DC20FC669A00D81C65 /* RTCJMRTCView.m */,
				6209D32520FD73A500D81C65 /* RTCJMRTCViewManager.m */,
			);
			path = RCTJMRTCModule;
			sourceTree = "<group>";
		};
/* End PBXGroup section */

/* Begin PBXNativeTarget section */
		6209D24B20FC4E7D00D81C65 /* RCTJMRTCModule */ = {
			isa = PBXNativeTarget;
			buildConfigurationList = 6209D25520FC4E7D00D81C65 /* Build configuration list for PBXNativeTarget "RCTJMRTCModule" */;
			buildPhases = (
				6209D24820FC4E7D00D81C65 /* Sources */,
				6209D24920FC4E7D00D81C65 /* Frameworks */,
				6209D24A20FC4E7D00D81C65 /* CopyFiles */,
			);
			buildRules = (
			);
			dependencies = (
			);
			name = RCTJMRTCModule;
			productName = RCTJMRTCModule;
			productReference = 6209D24C20FC4E7D00D81C65 /* libRCTJMRTCModule.a */;
			productType = "com.apple.product-type.library.static";
		};
/* End PBXNativeTarget section */

/* Begin PBXProject section */
		6209D24420FC4E7D00D81C65 /* Project object */ = {
			isa = PBXProject;
			attributes = {
				LastUpgradeCheck = 0930;
				ORGANIZATIONNAME = HXHG;
				TargetAttributes = {
					6209D24B20FC4E7D00D81C65 = {
						CreatedOnToolsVersion = 9.3;
					};
				};
			};
			buildConfigurationList = 6209D24720FC4E7D00D81C65 /* Build configuration list for PBXProject "RCTJMRTCModule" */;
			compatibilityVersion = "Xcode 9.3";
			developmentRegion = en;
			hasScannedForEncodings = 0;
			knownRegions = (
				en,
			);
			mainGroup = 6209D24320FC4E7D00D81C65;
			productRefGroup = 6209D24D20FC4E7D00D81C65 /* Products */;
			projectDirPath = "";
			projectRoot = "";
			targets = (
				6209D24B20FC4E7D00D81C65 /* RCTJMRTCModule */,
			);
		};
/* End PBXProject section */

/* Begin PBXSourcesBuildPhase section */
		6209D24820FC4E7D00D81C65 /* Sources */ = {
			isa = PBXSourcesBuildPhase;
			buildActionMask = 2147483647;
			files = (
				6209D25120FC4E7D00D81C65 /* RCTJMRTCModule.m in Sources */,
				6209D32620FD73A500D81C65 /* RTCJMRTCViewManager.m in Sources */,
				6209D2DD20FC669A00D81C65 /* RTCJMRTCView.m in Sources */,
			);
			runOnlyForDeploymentPostprocessing = 0;
		};
/* End PBXSourcesBuildPhase section */

/* Begin XCBuildConfiguration section */
		6209D25320FC4E7D00D81C65 /* Debug */ = {
			isa = XCBuildConfiguration;
			buildSettings = {
				ALWAYS_SEARCH_USER_PATHS = NO;
				CLANG_ANALYZER_NONNULL = YES;
				CLANG_ANALYZER_NUMBER_OBJECT_CONVERSION = YES_AGGRESSIVE;
				CLANG_CXX_LANGUAGE_STANDARD = "gnu++14";
				CLANG_CXX_LIBRARY = "libc++";
				CLANG_ENABLE_MODULES = YES;
				CLANG_ENABLE_OBJC_ARC = YES;
				CLANG_ENABLE_OBJC_WEAK = YES;
				CLANG_WARN_BLOCK_CAPTURE_AUTORELEASING = YES;
				CLANG_WARN_BOOL_CONVERSION = YES;
				CLANG_WARN_COMMA = YES;
				CLANG_WARN_CONSTANT_CONVERSION = YES;
				CLANG_WARN_DEPRECATED_OBJC_IMPLEMENTATIONS = YES;
				CLANG_WARN_DIRECT_OBJC_ISA_USAGE = YES_ERROR;
				CLANG_WARN_DOCUMENTATION_COMMENTS = YES;
				CLANG_WARN_EMPTY_BODY = YES;
				CLANG_WARN_ENUM_CONVERSION = YES;
				CLANG_WARN_INFINITE_RECURSION = YES;
				CLANG_WARN_INT_CONVERSION = YES;
				CLANG_WARN_NON_LITERAL_NULL_CONVERSION = YES;
				CLANG_WARN_OBJC_IMPLICIT_RETAIN_SELF = YES;
				CLANG_WARN_OBJC_LITERAL_CONVERSION = YES;
				CLANG_WARN_OBJC_ROOT_CLASS = YES_ERROR;
				CLANG_WARN_RANGE_LOOP_ANALYSIS = YES;
				CLANG_WARN_STRICT_PROTOTYPES = YES;
				CLANG_WARN_SUSPICIOUS_MOVE = YES;
				CLANG_WARN_UNGUARDED_AVAILABILITY = YES_AGGRESSIVE;
				CLANG_WARN_UNREACHABLE_CODE = YES;
				CLANG_WARN__DUPLICATE_METHOD_MATCH = YES;
				CODE_SIGN_IDENTITY = "iPhone Developer";
				COPY_PHASE_STRIP = NO;
				DEBUG_INFORMATION_FORMAT = dwarf;
				ENABLE_STRICT_OBJC_MSGSEND = YES;
				ENABLE_TESTABILITY = YES;
				GCC_C_LANGUAGE_STANDARD = gnu11;
				GCC_DYNAMIC_NO_PIC = NO;
				GCC_NO_COMMON_BLOCKS = YES;
				GCC_OPTIMIZATION_LEVEL = 0;
				GCC_PREPROCESSOR_DEFINITIONS = (
					"DEBUG=1",
					"$(inherited)",
				);
				GCC_WARN_64_TO_32_BIT_CONVERSION = YES;
				GCC_WARN_ABOUT_RETURN_TYPE = YES_ERROR;
				GCC_WARN_UNDECLARED_SELECTOR = YES;
				GCC_WARN_UNINITIALIZED_AUTOS = YES_AGGRESSIVE;
				GCC_WARN_UNUSED_FUNCTION = YES;
				GCC_WARN_UNUSED_VARIABLE = YES;
				IPHONEOS_DEPLOYMENT_TARGET = 11.3;
				MTL_ENABLE_DEBUG_INFO = YES;
				ONLY_ACTIVE_ARCH = YES;
				SDKROOT = iphoneos;
			};
			name = Debug;
		};
		6209D25420FC4E7D00D81C65 /* Release */ = {
			isa = XCBuildConfiguration;
			buildSettings = {
				ALWAYS_SEARCH_USER_PATHS = NO;
				CLANG_ANALYZER_NONNULL = YES;
				CLANG_ANALYZER_NUMBER_OBJECT_CONVERSION = YES_AGGRESSIVE;
				CLANG_CXX_LANGUAGE_STANDARD = "gnu++14";
				CLANG_CXX_LIBRARY = "libc++";
				CLANG_ENABLE_MODULES = YES;
				CLANG_ENABLE_OBJC_ARC = YES;
				CLANG_ENABLE_OBJC_WEAK = YES;
				CLANG_WARN_BLOCK_CAPTURE_AUTORELEASING = YES;
				CLANG_WARN_BOOL_CONVERSION = YES;
				CLANG_WARN_COMMA = YES;
				CLANG_WARN_CONSTANT_CONVERSION = YES;
				CLANG_WARN_DEPRECATED_OBJC_IMPLEMENTATIONS = YES;
				CLANG_WARN_DIRECT_OBJC_ISA_USAGE = YES_ERROR;
				CLANG_WARN_DOCUMENTATION_COMMENTS = YES;
				CLANG_WARN_EMPTY_BODY = YES;
				CLANG_WARN_ENUM_CONVERSION = YES;
				CLANG_WARN_INFINITE_RECURSION = YES;
				CLANG_WARN_INT_CONVERSION = YES;
				CLANG_WARN_NON_LITERAL_NULL_CONVERSION = YES;
				CLANG_WARN_OBJC_IMPLICIT_RETAIN_SELF = YES;
				CLANG_WARN_OBJC_LITERAL_CONVERSION = YES;
				CLANG_WARN_OBJC_ROOT_CLASS = YES_ERROR;
				CLANG_WARN_RANGE_LOOP_ANALYSIS = YES;
				CLANG_WARN_STRICT_PROTOTYPES = YES;
				CLANG_WARN_SUSPICIOUS_MOVE = YES;
				CLANG_WARN_UNGUARDED_AVAILABILITY = YES_AGGRESSIVE;
				CLANG_WARN_UNREACHABLE_CODE = YES;
				CLANG_WARN__DUPLICATE_METHOD_MATCH = YES;
				CODE_SIGN_IDENTITY = "iPhone Developer";
				COPY_PHASE_STRIP = NO;
				DEBUG_INFORMATION_FORMAT = "dwarf-with-dsym";
				ENABLE_NS_ASSERTIONS = NO;
				ENABLE_STRICT_OBJC_MSGSEND = YES;
				GCC_C_LANGUAGE_STANDARD = gnu11;
				GCC_NO_COMMON_BLOCKS = YES;
				GCC_WARN_64_TO_32_BIT_CONVERSION = YES;
				GCC_WARN_ABOUT_RETURN_TYPE = YES_ERROR;
				GCC_WARN_UNDECLARED_SELECTOR = YES;
				GCC_WARN_UNINITIALIZED_AUTOS = YES_AGGRESSIVE;
				GCC_WARN_UNUSED_FUNCTION = YES;
				GCC_WARN_UNUSED_VARIABLE = YES;
				IPHONEOS_DEPLOYMENT_TARGET = 11.3;
				MTL_ENABLE_DEBUG_INFO = NO;
				SDKROOT = iphoneos;
				VALIDATE_PRODUCT = YES;
			};
			name = Release;
		};
		6209D25620FC4E7D00D81C65 /* Debug */ = {
			isa = XCBuildConfiguration;
			buildSettings = {
				CODE_SIGN_STYLE = Automatic;
				ENABLE_BITCODE = NO;
				FRAMEWORK_SEARCH_PATHS = (
					"$(inherited)",
					"$(PROJECT_DIR)/RCTJMRTCModule",
					"$(SRCROOT)/../../jmessage-react-plugin/ios/RCTJMessageModule/**",
				);
				HEADER_SEARCH_PATHS = "$(SRCROOT)/../../jmessage-react-plugin/ios/RCTJMessageModule/**";
				LIBRARY_SEARCH_PATHS = (
					"$(inherited)",
					"$(PROJECT_DIR)/RCTJMRTCModule",
				);
				OTHER_LDFLAGS = (
					"-ObjC",
					"-framework",
					"\"JMessage\"",
				);
				PRODUCT_NAME = "$(TARGET_NAME)";
				SKIP_INSTALL = YES;
				TARGETED_DEVICE_FAMILY = "1,2";
			};
			name = Debug;
		};
		6209D25720FC4E7D00D81C65 /* Release */ = {
			isa = XCBuildConfiguration;
			buildSettings = {
				CODE_SIGN_STYLE = Automatic;
				ENABLE_BITCODE = NO;
				FRAMEWORK_SEARCH_PATHS = (
					"$(inherited)",
					"$(PROJECT_DIR)/RCTJMRTCModule",
					"$(SRCROOT)/../../jmessage-react-plugin/ios/RCTJMessageModule/**",
				);
				HEADER_SEARCH_PATHS = "$(SRCROOT)/../../jmessage-react-plugin/ios/RCTJMessageModule/**";
				LIBRARY_SEARCH_PATHS = (
					"$(inherited)",
					"$(PROJECT_DIR)/RCTJMRTCModule",
				);
				OTHER_LDFLAGS = (
					"-ObjC",
					"-framework",
					"\"JMessage\"",
				);
				PRODUCT_NAME = "$(TARGET_NAME)";
				SKIP_INSTALL = YES;
				TARGETED_DEVICE_FAMILY = "1,2";
			};
			name = Release;
		};
/* End XCBuildConfiguration section */

/* Begin XCConfigurationList section */
		6209D24720FC4E7D00D81C65 /* Build configuration list for PBXProject "RCTJMRTCModule" */ = {
			isa = XCConfigurationList;
			buildConfigurations = (
				6209D25320FC4E7D00D81C65 /* Debug */,
				6209D25420FC4E7D00D81C65 /* Release */,
			);
			defaultConfigurationIsVisible = 0;
			defaultConfigurationName = Release;
		};
		6209D25520FC4E7D00D81C65 /* Build configuration list for PBXNativeTarget "RCTJMRTCModule" */ = {
			isa = XCConfigurationList;
			buildConfigurations = (
				6209D25620FC4E7D00D81C65 /* Debug */,
				6209D25720FC4E7D00D81C65 /* Release */,
			);
			defaultConfigurationIsVisible = 0;
			defaultConfigurationName = Release;
		};
/* End XCConfigurationList section */
	};
	rootObject = 6209D24420FC4E7D00D81C65 /* Project object */;
}
